# THIS IS AN AUTOGENERATED FILE. DO NOT EDIT THIS FILE DIRECTLY.
# yarn lockfile v1


"@vercel/ncc@^0.33.3":
  version "0.33.3"
  resolved "https://registry.yarnpkg.com/@vercel/ncc/-/ncc-0.33.3.tgz#aacc6b3ea9f7b175e0c9a18c9b97e4005a2f4fcc"
  integrity sha512-JGZ11QV+/ZcfudW2Cz2JVp54/pJNXbsuWRgSh2ZmmZdQBKXqBtIGrwI1Wyx8nlbzAiEFe7FHi4K1zX4//jxTnQ==

array-uniq@1.0.2:
  version "1.0.2"
  resolved "https://registry.yarnpkg.com/array-uniq/-/array-uniq-1.0.2.tgz#5fcc373920775723cfd64d65c64bef53bf9eba6d"
  integrity sha1-X8w3OSB3VyPP1k1lxkvvU7+eum0=

commander@^9.0.0:
  version "9.0.0"
  resolved "https://registry.yarnpkg.com/commander/-/commander-9.0.0.tgz#86d58f24ee98126568936bd1d3574e0308a99a40"
  integrity sha512-JJfP2saEKbQqvW+FI93OYUB4ByV5cizMpFMiiJI8xDbBvQvSkIk0VvQdn1CZ8mqAO8Loq2h0gYTYtDFUZUeERw==

randombytes@2.0.3:
  version "2.0.3"
  resolved "https://registry.yarnpkg.com/randombytes/-/randombytes-2.0.3.tgz#674c99760901c3c4112771a31e521dc349cc09ec"
  integrity sha1-Z0yZdgkBw8QRJ3GjHlIdw0nMCew=

randomstring@^1.2.2:
  version "1.2.2"
  resolved "https://registry.yarnpkg.com/randomstring/-/randomstring-1.2.2.tgz#61b3d42624c7b1fcaaaba161c53452eb3d8fef1c"
  integrity sha512-9FByiB8guWZLbE+akdQiWE3I1I6w7Vn5El4o4y7o5bWQ6DWPcEOp+aLG7Jezc8BVRKKpgJd2ppRX0jnKu1YCfg==
  dependencies:
    array-uniq "1.0.2"
    randombytes "2.0.3"
